
Microsoft Visual Studio Solution File, Format Version 12.00
# Visual Studio 2012
Project("{FAE04EC0-301F-11D3-BF4B-00C04F79EFBC}") = "PhotoShare.Client", "PhotoShare\PhotoShare.Client.csproj", "{04AEBAD3-ACB9-474D-8656-C625620CB628}"
EndProject
Project("{FAE04EC0-301F-11D3-BF4B-00C04F79EFBC}") = "PhotoShare.Service", "PhotoShare.Service\PhotoShare.Service.csproj", "{C8BFDEBB-7DAF-4823-8F81-B575905A6B1E}"
EndProject
Project("{FAE04EC0-301F-11D3-BF4B-00C04F79EFBC}") = "PhotoShare.LogicService", "PhotoShare.LogicService\PhotoShare.LogicService.csproj", "{B7C652A6-3CBC-4EFB-B676-1DBD44EE55CB}"
EndProject
Project("{FAE04EC0-301F-11D3-BF4B-00C04F79EFBC}") = "PhotoShare.Domain", "PhotoShare.Domain\PhotoShare.Domain.csproj", "{87BE430F-87B7-4877-B998-4137BB6A8CBD}"
EndProject
Global
	GlobalSection(SolutionConfigurationPlatforms) = preSolution
		Debug|Any CPU = Debug|Any CPU
		Release|Any CPU = Release|Any CPU
	EndGlobalSection
	GlobalSection(ProjectConfigurationPlatforms) = postSolution
		{04AEBAD3-ACB9-474D-8656-C625620CB628}.Debug|Any CPU.ActiveCfg = Debug|Any CPU
		{04AEBAD3-ACB9-474D-8656-C625620CB628}.Debug|Any CPU.Build.0 = Debug|Any CPU
		{04AEBAD3-ACB9-474D-8656-C625620CB628}.Release|Any CPU.ActiveCfg = Release|Any CPU
		{04AEBAD3-ACB9-474D-8656-C625620CB628}.Release|Any CPU.Build.0 = Release|Any CPU
		{C8BFDEBB-7DAF-4823-8F81-B575905A6B1E}.Debug|Any CPU.ActiveCfg = Debug|Any CPU
		{C8BFDEBB-7DAF-4823-8F81-B575905A6B1E}.Debug|Any CPU.Build.0 = Debug|Any CPU
		{C8BFDEBB-7DAF-4823-8F81-B575905A6B1E}.Release|Any CPU.ActiveCfg = Release|Any CPU
		{C8BFDEBB-7DAF-4823-8F81-B575905A6B1E}.Release|Any CPU.Build.0 = Release|Any CPU
		{B7C652A6-3CBC-4EFB-B676-1DBD44EE55CB}.Debug|Any CPU.ActiveCfg = Debug|Any CPU
		{B7C652A6-3CBC-4EFB-B676-1DBD44EE55CB}.Debug|Any CPU.Build.0 = Debug|Any CPU
		{B7C652A6-3CBC-4EFB-B676-1DBD44EE55CB}.Release|Any CPU.ActiveCfg = Release|Any CPU
		{B7C652A6-3CBC-4EFB-B676-1DBD44EE55CB}.Release|Any CPU.Build.0 = Release|Any CPU
		{87BE430F-87B7-4877-B998-4137BB6A8CBD}.Debug|Any CPU.ActiveCfg = Debug|Any CPU
		{87BE430F-87B7-4877-B998-4137BB6A8CBD}.Debug|Any CPU.Build.0 = Debug|Any CPU
		{87BE430F-87B7-4877-B998-4137BB6A8CBD}.Release|Any CPU.ActiveCfg = Release|Any CPU
		{87BE430F-87B7-4877-B998-4137BB6A8CBD}.Release|Any CPU.Build.0 = Release|Any CPU
	EndGlobalSection
	GlobalSection(SolutionProperties) = preSolution
		HideSolutionNode = FALSE
	EndGlobalSection
EndGlobal
